
Microsoft Visual Studio Solution File, Format Version 12.00
# Visual Studio Version 16
VisualStudioVersion = 16.0.30621.155
MinimumVisualStudioVersion = 10.0.40219.1
Project("{9A19103F-16F7-4668-BE54-9A1E7A4F7556}") = "WebApplication", "WebApplication\WebApplication.csproj", "{BA6730D1-9945-41C4-8377-0FEFCEA0A070}"
EndProject
Project("{9A19103F-16F7-4668-BE54-9A1E7A4F7556}") = "Models", "Models\Models.csproj", "{908613B9-31AF-4700-B9A0-BC389F69244B}"
EndProject
Project("{9A19103F-16F7-4668-BE54-9A1E7A4F7556}") = "Data", "Data\Data.csproj", "{872AA884-C2F1-4ECF-B4E9-F1A91BACB0F9}"
EndProject
Project("{9A19103F-16F7-4668-BE54-9A1E7A4F7556}") = "Logic", "Logic\Logic.csproj", "{67073897-0D52-455E-AD1F-2CBF2B62F932}"
EndProject
Project("{9A19103F-16F7-4668-BE54-9A1E7A4F7556}") = "Repos", "Repos\Repos.csproj", "{A7729BAD-1664-46E1-83EE-2DEBC472A9C4}"
EndProject
Project("{9A19103F-16F7-4668-BE54-9A1E7A4F7556}") = "ConsoleApp", "ConsoleApp\ConsoleApp.csproj", "{5A1762C7-161F-49AF-80AE-A26AD22C9F36}"
EndProject
Project("{9A19103F-16F7-4668-BE54-9A1E7A4F7556}") = "Logic.Test", "Logic.Test\Logic.Test.csproj", "{FA061F7B-92AF-4684-8847-A21DD34EC1A4}"
EndProject
Project("{9A19103F-16F7-4668-BE54-9A1E7A4F7556}") = "ApiEndpoint", "ApiEndpoint\ApiEndpoint.csproj", "{5D4BA641-E04C-4169-91B6-EA8A01508515}"
EndProject
Project("{FAE04EC0-301F-11D3-BF4B-00C04F79EFBC}") = "ApiConsumer", "ApiConsumer\ApiConsumer.csproj", "{B85C8D87-2B3A-427B-A575-7A5AD5E1EE41}"
EndProject
Global
	GlobalSection(SolutionConfigurationPlatforms) = preSolution
		Debug|Any CPU = Debug|Any CPU
		Release|Any CPU = Release|Any CPU
	EndGlobalSection
	GlobalSection(ProjectConfigurationPlatforms) = postSolution
		{BA6730D1-9945-41C4-8377-0FEFCEA0A070}.Debug|Any CPU.ActiveCfg = Debug|Any CPU
		{BA6730D1-9945-41C4-8377-0FEFCEA0A070}.Debug|Any CPU.Build.0 = Debug|Any CPU
		{BA6730D1-9945-41C4-8377-0FEFCEA0A070}.Release|Any CPU.ActiveCfg = Release|Any CPU
		{BA6730D1-9945-41C4-8377-0FEFCEA0A070}.Release|Any CPU.Build.0 = Release|Any CPU
		{908613B9-31AF-4700-B9A0-BC389F69244B}.Debug|Any CPU.ActiveCfg = Debug|Any CPU
		{908613B9-31AF-4700-B9A0-BC389F69244B}.Debug|Any CPU.Build.0 = Debug|Any CPU
		{908613B9-31AF-4700-B9A0-BC389F69244B}.Release|Any CPU.ActiveCfg = Release|Any CPU
		{908613B9-31AF-4700-B9A0-BC389F69244B}.Release|Any CPU.Build.0 = Release|Any CPU
		{872AA884-C2F1-4ECF-B4E9-F1A91BACB0F9}.Debug|Any CPU.ActiveCfg = Debug|Any CPU
		{872AA884-C2F1-4ECF-B4E9-F1A91BACB0F9}.Debug|Any CPU.Build.0 = Debug|Any CPU
		{872AA884-C2F1-4ECF-B4E9-F1A91BACB0F9}.Release|Any CPU.ActiveCfg = Release|Any CPU
		{872AA884-C2F1-4ECF-B4E9-F1A91BACB0F9}.Release|Any CPU.Build.0 = Release|Any CPU
		{67073897-0D52-455E-AD1F-2CBF2B62F932}.Debug|Any CPU.ActiveCfg = Debug|Any CPU
		{67073897-0D52-455E-AD1F-2CBF2B62F932}.Debug|Any CPU.Build.0 = Debug|Any CPU
		{67073897-0D52-455E-AD1F-2CBF2B62F932}.Release|Any CPU.ActiveCfg = Release|Any CPU
		{67073897-0D52-455E-AD1F-2CBF2B62F932}.Release|Any CPU.Build.0 = Release|Any CPU
		{A7729BAD-1664-46E1-83EE-2DEBC472A9C4}.Debug|Any CPU.ActiveCfg = Debug|Any CPU
		{A7729BAD-1664-46E1-83EE-2DEBC472A9C4}.Debug|Any CPU.Build.0 = Debug|Any CPU
		{A7729BAD-1664-46E1-83EE-2DEBC472A9C4}.Release|Any CPU.ActiveCfg = Release|Any CPU
		{A7729BAD-1664-46E1-83EE-2DEBC472A9C4}.Release|Any CPU.Build.0 = Release|Any CPU
		{5A1762C7-161F-49AF-80AE-A26AD22C9F36}.Debug|Any CPU.ActiveCfg = Debug|Any CPU
		{5A1762C7-161F-49AF-80AE-A26AD22C9F36}.Debug|Any CPU.Build.0 = Debug|Any CPU
		{5A1762C7-161F-49AF-80AE-A26AD22C9F36}.Release|Any CPU.ActiveCfg = Release|Any CPU
		{5A1762C7-161F-49AF-80AE-A26AD22C9F36}.Release|Any CPU.Build.0 = Release|Any CPU
		{FA061F7B-92AF-4684-8847-A21DD34EC1A4}.Debug|Any CPU.ActiveCfg = Debug|Any CPU
		{FA061F7B-92AF-4684-8847-A21DD34EC1A4}.Debug|Any CPU.Build.0 = Debug|Any CPU
		{FA061F7B-92AF-4684-8847-A21DD34EC1A4}.Release|Any CPU.ActiveCfg = Release|Any CPU
		{FA061F7B-92AF-4684-8847-A21DD34EC1A4}.Release|Any CPU.Build.0 = Release|Any CPU
		{5D4BA641-E04C-4169-91B6-EA8A01508515}.Debug|Any CPU.ActiveCfg = Debug|Any CPU
		{5D4BA641-E04C-4169-91B6-EA8A01508515}.Debug|Any CPU.Build.0 = Debug|Any CPU
		{5D4BA641-E04C-4169-91B6-EA8A01508515}.Release|Any CPU.ActiveCfg = Release|Any CPU
		{5D4BA641-E04C-4169-91B6-EA8A01508515}.Release|Any CPU.Build.0 = Release|Any CPU
		{B85C8D87-2B3A-427B-A575-7A5AD5E1EE41}.Debug|Any CPU.ActiveCfg = Debug|Any CPU
		{B85C8D87-2B3A-427B-A575-7A5AD5E1EE41}.Debug|Any CPU.Build.0 = Debug|Any CPU
		{B85C8D87-2B3A-427B-A575-7A5AD5E1EE41}.Release|Any CPU.ActiveCfg = Release|Any CPU
		{B85C8D87-2B3A-427B-A575-7A5AD5E1EE41}.Release|Any CPU.Build.0 = Release|Any CPU
	EndGlobalSection
	GlobalSection(SolutionProperties) = preSolution
		HideSolutionNode = FALSE
	EndGlobalSection
	GlobalSection(ExtensibilityGlobals) = postSolution
		SolutionGuid = {A52F8060-9744-4728-AE45-0458EAA6EAA9}
	EndGlobalSection
EndGlobal
