
Microsoft Visual Studio Solution File, Format Version 12.00
# Visual Studio Version 16
VisualStudioVersion = 16.0.30621.155
MinimumVisualStudioVersion = 10.0.40219.1
Project("{9A19103F-16F7-4668-BE54-9A1E7A4F7556}") = "WebApplication", "WebApplication\WebApplication.csproj", "{BA6730D1-9945-41C4-8377-0FEFCEA0A070}"
EndProject
Project("{FAE04EC0-301F-11D3-BF4B-00C04F79EFBC}") = "Models", "Models\Models.csproj", "{908613B9-31AF-4700-B9A0-BC389F69244B}"
EndProject
Project("{FAE04EC0-301F-11D3-BF4B-00C04F79EFBC}") = "Data", "Data\Data.csproj", "{872AA884-C2F1-4ECF-B4E9-F1A91BACB0F9}"
EndProject
Global
	GlobalSection(SolutionConfigurationPlatforms) = preSolution
		Debug|Any CPU = Debug|Any CPU
		Release|Any CPU = Release|Any CPU
	EndGlobalSection
	GlobalSection(ProjectConfigurationPlatforms) = postSolution
		{BA6730D1-9945-41C4-8377-0FEFCEA0A070}.Debug|Any CPU.ActiveCfg = Debug|Any CPU
		{BA6730D1-9945-41C4-8377-0FEFCEA0A070}.Debug|Any CPU.Build.0 = Debug|Any CPU
		{BA6730D1-9945-41C4-8377-0FEFCEA0A070}.Release|Any CPU.ActiveCfg = Release|Any CPU
		{BA6730D1-9945-41C4-8377-0FEFCEA0A070}.Release|Any CPU.Build.0 = Release|Any CPU
		{908613B9-31AF-4700-B9A0-BC389F69244B}.Debug|Any CPU.ActiveCfg = Debug|Any CPU
		{908613B9-31AF-4700-B9A0-BC389F69244B}.Debug|Any CPU.Build.0 = Debug|Any CPU
		{908613B9-31AF-4700-B9A0-BC389F69244B}.Release|Any CPU.ActiveCfg = Release|Any CPU
		{908613B9-31AF-4700-B9A0-BC389F69244B}.Release|Any CPU.Build.0 = Release|Any CPU
		{872AA884-C2F1-4ECF-B4E9-F1A91BACB0F9}.Debug|Any CPU.ActiveCfg = Debug|Any CPU
		{872AA884-C2F1-4ECF-B4E9-F1A91BACB0F9}.Debug|Any CPU.Build.0 = Debug|Any CPU
		{872AA884-C2F1-4ECF-B4E9-F1A91BACB0F9}.Release|Any CPU.ActiveCfg = Release|Any CPU
		{872AA884-C2F1-4ECF-B4E9-F1A91BACB0F9}.Release|Any CPU.Build.0 = Release|Any CPU
	EndGlobalSection
	GlobalSection(SolutionProperties) = preSolution
		HideSolutionNode = FALSE
	EndGlobalSection
	GlobalSection(ExtensibilityGlobals) = postSolution
		SolutionGuid = {A52F8060-9744-4728-AE45-0458EAA6EAA9}
	EndGlobalSection
EndGlobal
